// !$*UTF8*$!
{
	archiveVersion = 1;
	classes = {
	};
	objectVersion = 46;
	objects = {

/* Begin PBXBuildFile section */
		49F340F5167577DA00622AB7 /* AssetsLibrary.framework in Frameworks */ = {isa = PBXBuildFile; fileRef = 49F340F4167577DA00622AB7 /* AssetsLibrary.framework */; };
		AB26837716729C610047D03B /* 1920x1200.jpg in Resources */ = {isa = PBXBuildFile; fileRef = AB26837616729C610047D03B /* 1920x1200.jpg */; };
		AB2683851672A9E00047D03B /* KeySelectViewController.m in Sources */ = {isa = PBXBuildFile; fileRef = AB2683841672A9E00047D03B /* KeySelectViewController.m */; };
		AB26838E1672B5BC0047D03B /* EncryptViewController.m in Sources */ = {isa = PBXBuildFile; fileRef = AB26838D1672B5BC0047D03B /* EncryptViewController.m */; };
		AB2683941672C0010047D03B /* EncryptionFunctions.m in Sources */ = {isa = PBXBuildFile; fileRef = AB2683931672C0010047D03B /* EncryptionFunctions.m */; };
		AB2683991672C8880047D03B /* DecryptKeyViewController.m in Sources */ = {isa = PBXBuildFile; fileRef = AB2683981672C8880047D03B /* DecryptKeyViewController.m */; };
		AB2683A01672CB4C0047D03B /* DecryptViewController.m in Sources */ = {isa = PBXBuildFile; fileRef = AB26839F1672CB4C0047D03B /* DecryptViewController.m */; };
		AB66D262166FABFF00AA1A70 /* UIKit.framework in Frameworks */ = {isa = PBXBuildFile; fileRef = AB66D261166FABFF00AA1A70 /* UIKit.framework */; };
		AB66D264166FABFF00AA1A70 /* Foundation.framework in Frameworks */ = {isa = PBXBuildFile; fileRef = AB66D263166FABFF00AA1A70 /* Foundation.framework */; };
		AB66D266166FABFF00AA1A70 /* CoreGraphics.framework in Frameworks */ = {isa = PBXBuildFile; fileRef = AB66D265166FABFF00AA1A70 /* CoreGraphics.framework */; };
		AB66D26C166FABFF00AA1A70 /* InfoPlist.strings in Resources */ = {isa = PBXBuildFile; fileRef = AB66D26A166FABFF00AA1A70 /* InfoPlist.strings */; };
		AB66D26E166FABFF00AA1A70 /* main.m in Sources */ = {isa = PBXBuildFile; fileRef = AB66D26D166FABFF00AA1A70 /* main.m */; };
		AB66D272166FABFF00AA1A70 /* AppDelegate.m in Sources */ = {isa = PBXBuildFile; fileRef = AB66D271166FABFF00AA1A70 /* AppDelegate.m */; };
		AB66D274166FABFF00AA1A70 /* Default.png in Resources */ = {isa = PBXBuildFile; fileRef = AB66D273166FABFF00AA1A70 /* Default.png */; };
		AB66D276166FABFF00AA1A70 /* Default@2x.png in Resources */ = {isa = PBXBuildFile; fileRef = AB66D275166FABFF00AA1A70 /* Default@2x.png */; };
		AB66D278166FABFF00AA1A70 /* Default-568h@2x.png in Resources */ = {isa = PBXBuildFile; fileRef = AB66D277166FABFF00AA1A70 /* Default-568h@2x.png */; };
		AB66D27B166FABFF00AA1A70 /* MainStoryboard_iPhone.storyboard in Resources */ = {isa = PBXBuildFile; fileRef = AB66D279166FABFF00AA1A70 /* MainStoryboard_iPhone.storyboard */; };
		AB66D27E166FABFF00AA1A70 /* MainStoryboard_iPad.storyboard in Resources */ = {isa = PBXBuildFile; fileRef = AB66D27C166FABFF00AA1A70 /* MainStoryboard_iPad.storyboard */; };
		AB66D289166FABFF00AA1A70 /* SenTestingKit.framework in Frameworks */ = {isa = PBXBuildFile; fileRef = AB66D288166FABFF00AA1A70 /* SenTestingKit.framework */; };
		AB66D28A166FABFF00AA1A70 /* UIKit.framework in Frameworks */ = {isa = PBXBuildFile; fileRef = AB66D261166FABFF00AA1A70 /* UIKit.framework */; };
		AB66D28B166FABFF00AA1A70 /* Foundation.framework in Frameworks */ = {isa = PBXBuildFile; fileRef = AB66D263166FABFF00AA1A70 /* Foundation.framework */; };
		AB66D293166FABFF00AA1A70 /* InfoPlist.strings in Resources */ = {isa = PBXBuildFile; fileRef = AB66D291166FABFF00AA1A70 /* InfoPlist.strings */; };
		AB66D296166FABFF00AA1A70 /* SteganographyAppTests.m in Sources */ = {isa = PBXBuildFile; fileRef = AB66D295166FABFF00AA1A70 /* SteganographyAppTests.m */; };
		AB66D2A7166FAD3100AA1A70 /* WelcomeViewController.m in Sources */ = {isa = PBXBuildFile; fileRef = AB66D2A6166FAD3100AA1A70 /* WelcomeViewController.m */; };
		AB66D2AF166FB08C00AA1A70 /* inconspicous.jpeg in Resources */ = {isa = PBXBuildFile; fileRef = AB66D2AE166FB08C00AA1A70 /* inconspicous.jpeg */; };
		AB66D2B1166FB3B100AA1A70 /* Inspector.png in Resources */ = {isa = PBXBuildFile; fileRef = AB66D2B0166FB3B100AA1A70 /* Inspector.png */; };
		AB66D2B3166FB4C100AA1A70 /* topsecret.png in Resources */ = {isa = PBXBuildFile; fileRef = AB66D2B2166FB4C100AA1A70 /* topsecret.png */; };
		AB66D2B5166FB74D00AA1A70 /* backgroundImage.png in Resources */ = {isa = PBXBuildFile; fileRef = AB66D2B4166FB74D00AA1A70 /* backgroundImage.png */; };
		AB66D2B9166FC1F900AA1A70 /* ImagePickerAppViewController.m in Sources */ = {isa = PBXBuildFile; fileRef = AB66D2B8166FC1F900AA1A70 /* ImagePickerAppViewController.m */; };
		AB66D2C6166FC92100AA1A70 /* ChooseViewController.m in Sources */ = {isa = PBXBuildFile; fileRef = AB66D2C5166FC92100AA1A70 /* ChooseViewController.m */; };
		AB8B0ABC16757DF800A7E7AC /* blueButton.png in Resources */ = {isa = PBXBuildFile; fileRef = AB8B0ABB16757DF800A7E7AC /* blueButton.png */; };
		AB8B0ABE16757DFD00A7E7AC /* whiteButton.png in Resources */ = {isa = PBXBuildFile; fileRef = AB8B0ABD16757DFD00A7E7AC /* whiteButton.png */; };
		AB8B0AC216757F3200A7E7AC /* ButtonLoader.m in Sources */ = {isa = PBXBuildFile; fileRef = AB8B0AC116757F3200A7E7AC /* ButtonLoader.m */; };
/* End PBXBuildFile section */

/* Begin PBXContainerItemProxy section */
		AB66D28C166FABFF00AA1A70 /* PBXContainerItemProxy */ = {
			isa = PBXContainerItemProxy;
			containerPortal = AB66D254166FABFF00AA1A70 /* Project object */;
			proxyType = 1;
			remoteGlobalIDString = AB66D25C166FABFF00AA1A70;
			remoteInfo = SteganographyApp;
		};
/* End PBXContainerItemProxy section */

/* Begin PBXFileReference section */
		49F340F4167577DA00622AB7 /* AssetsLibrary.framework */ = {isa = PBXFileReference; lastKnownFileType = wrapper.framework; name = AssetsLibrary.framework; path = System/Library/Frameworks/AssetsLibrary.framework; sourceTree = SDKROOT; };
		AB26837616729C610047D03B /* 1920x1200.jpg */ = {isa = PBXFileReference; lastKnownFileType = image.jpeg; path = 1920x1200.jpg; sourceTree = "<group>"; };
		AB2683831672A9E00047D03B /* KeySelectViewController.h */ = {isa = PBXFileReference; fileEncoding = 4; lastKnownFileType = sourcecode.c.h; path = KeySelectViewController.h; sourceTree = "<group>"; };
		AB2683841672A9E00047D03B /* KeySelectViewController.m */ = {isa = PBXFileReference; fileEncoding = 4; lastKnownFileType = sourcecode.c.objc; path = KeySelectViewController.m; sourceTree = "<group>"; };
		AB26838C1672B5BC0047D03B /* EncryptViewController.h */ = {isa = PBXFileReference; fileEncoding = 4; lastKnownFileType = sourcecode.c.h; path = EncryptViewController.h; sourceTree = "<group>"; };
		AB26838D1672B5BC0047D03B /* EncryptViewController.m */ = {isa = PBXFileReference; fileEncoding = 4; lastKnownFileType = sourcecode.c.objc; path = EncryptViewController.m; sourceTree = "<group>"; };
		AB2683931672C0010047D03B /* EncryptionFunctions.m */ = {isa = PBXFileReference; fileEncoding = 4; lastKnownFileType = sourcecode.c.objc; path = EncryptionFunctions.m; sourceTree = "<group>"; };
		AB2683961672C06A0047D03B /* EncryptionFunctions.h */ = {isa = PBXFileReference; fileEncoding = 4; lastKnownFileType = sourcecode.c.h; path = EncryptionFunctions.h; sourceTree = "<group>"; };
		AB2683971672C8880047D03B /* DecryptKeyViewController.h */ = {isa = PBXFileReference; fileEncoding = 4; lastKnownFileType = sourcecode.c.h; path = DecryptKeyViewController.h; sourceTree = "<group>"; };
		AB2683981672C8880047D03B /* DecryptKeyViewController.m */ = {isa = PBXFileReference; fileEncoding = 4; lastKnownFileType = sourcecode.c.objc; path = DecryptKeyViewController.m; sourceTree = "<group>"; };
		AB26839E1672CB4C0047D03B /* DecryptViewController.h */ = {isa = PBXFileReference; fileEncoding = 4; lastKnownFileType = sourcecode.c.h; path = DecryptViewController.h; sourceTree = "<group>"; };
		AB26839F1672CB4C0047D03B /* DecryptViewController.m */ = {isa = PBXFileReference; fileEncoding = 4; lastKnownFileType = sourcecode.c.objc; path = DecryptViewController.m; sourceTree = "<group>"; };
		AB66D25D166FABFF00AA1A70 /* SteganographyApp.app */ = {isa = PBXFileReference; explicitFileType = wrapper.application; includeInIndex = 0; path = SteganographyApp.app; sourceTree = BUILT_PRODUCTS_DIR; };
		AB66D261166FABFF00AA1A70 /* UIKit.framework */ = {isa = PBXFileReference; lastKnownFileType = wrapper.framework; name = UIKit.framework; path = System/Library/Frameworks/UIKit.framework; sourceTree = SDKROOT; };
		AB66D263166FABFF00AA1A70 /* Foundation.framework */ = {isa = PBXFileReference; lastKnownFileType = wrapper.framework; name = Foundation.framework; path = System/Library/Frameworks/Foundation.framework; sourceTree = SDKROOT; };
		AB66D265166FABFF00AA1A70 /* CoreGraphics.framework */ = {isa = PBXFileReference; lastKnownFileType = wrapper.framework; name = CoreGraphics.framework; path = System/Library/Frameworks/CoreGraphics.framework; sourceTree = SDKROOT; };
		AB66D269166FABFF00AA1A70 /* SteganographyApp-Info.plist */ = {isa = PBXFileReference; lastKnownFileType = text.plist.xml; path = "SteganographyApp-Info.plist"; sourceTree = "<group>"; };
		AB66D26B166FABFF00AA1A70 /* en */ = {isa = PBXFileReference; lastKnownFileType = text.plist.strings; name = en; path = en.lproj/InfoPlist.strings; sourceTree = "<group>"; };
		AB66D26D166FABFF00AA1A70 /* main.m */ = {isa = PBXFileReference; lastKnownFileType = sourcecode.c.objc; path = main.m; sourceTree = "<group>"; };
		AB66D26F166FABFF00AA1A70 /* SteganographyApp-Prefix.pch */ = {isa = PBXFileReference; lastKnownFileType = sourcecode.c.h; path = "SteganographyApp-Prefix.pch"; sourceTree = "<group>"; };
		AB66D270166FABFF00AA1A70 /* AppDelegate.h */ = {isa = PBXFileReference; lastKnownFileType = sourcecode.c.h; path = AppDelegate.h; sourceTree = "<group>"; };
		AB66D271166FABFF00AA1A70 /* AppDelegate.m */ = {isa = PBXFileReference; lastKnownFileType = sourcecode.c.objc; path = AppDelegate.m; sourceTree = "<group>"; };
		AB66D273166FABFF00AA1A70 /* Default.png */ = {isa = PBXFileReference; lastKnownFileType = image.png; path = Default.png; sourceTree = "<group>"; };
		AB66D275166FABFF00AA1A70 /* Default@2x.png */ = {isa = PBXFileReference; lastKnownFileType = image.png; path = "Default@2x.png"; sourceTree = "<group>"; };
		AB66D277166FABFF00AA1A70 /* Default-568h@2x.png */ = {isa = PBXFileReference; lastKnownFileType = image.png; path = "Default-568h@2x.png"; sourceTree = "<group>"; };
		AB66D27A166FABFF00AA1A70 /* en */ = {isa = PBXFileReference; lastKnownFileType = file.storyboard; name = en; path = en.lproj/MainStoryboard_iPhone.storyboard; sourceTree = "<group>"; };
		AB66D27D166FABFF00AA1A70 /* en */ = {isa = PBXFileReference; lastKnownFileType = file.storyboard; name = en; path = en.lproj/MainStoryboard_iPad.storyboard; sourceTree = "<group>"; };
		AB66D287166FABFF00AA1A70 /* SteganographyAppTests.octest */ = {isa = PBXFileReference; explicitFileType = wrapper.cfbundle; includeInIndex = 0; path = SteganographyAppTests.octest; sourceTree = BUILT_PRODUCTS_DIR; };
		AB66D288166FABFF00AA1A70 /* SenTestingKit.framework */ = {isa = PBXFileReference; lastKnownFileType = wrapper.framework; name = SenTestingKit.framework; path = Library/Frameworks/SenTestingKit.framework; sourceTree = DEVELOPER_DIR; };
		AB66D290166FABFF00AA1A70 /* SteganographyAppTests-Info.plist */ = {isa = PBXFileReference; lastKnownFileType = text.plist.xml; path = "SteganographyAppTests-Info.plist"; sourceTree = "<group>"; };
		AB66D292166FABFF00AA1A70 /* en */ = {isa = PBXFileReference; lastKnownFileType = text.plist.strings; name = en; path = en.lproj/InfoPlist.strings; sourceTree = "<group>"; };
		AB66D294166FABFF00AA1A70 /* SteganographyAppTests.h */ = {isa = PBXFileReference; lastKnownFileType = sourcecode.c.h; path = SteganographyAppTests.h; sourceTree = "<group>"; };
		AB66D295166FABFF00AA1A70 /* SteganographyAppTests.m */ = {isa = PBXFileReference; lastKnownFileType = sourcecode.c.objc; path = SteganographyAppTests.m; sourceTree = "<group>"; };
		AB66D2A5166FAD3100AA1A70 /* WelcomeViewController.h */ = {isa = PBXFileReference; fileEncoding = 4; lastKnownFileType = sourcecode.c.h; path = WelcomeViewController.h; sourceTree = "<group>"; };
		AB66D2A6166FAD3100AA1A70 /* WelcomeViewController.m */ = {isa = PBXFileReference; fileEncoding = 4; lastKnownFileType = sourcecode.c.objc; path = WelcomeViewController.m; sourceTree = "<group>"; };
		AB66D2AE166FB08C00AA1A70 /* inconspicous.jpeg */ = {isa = PBXFileReference; lastKnownFileType = image.jpeg; path = inconspicous.jpeg; sourceTree = "<group>"; };
		AB66D2B0166FB3B100AA1A70 /* Inspector.png */ = {isa = PBXFileReference; lastKnownFileType = image.png; path = Inspector.png; sourceTree = "<group>"; };
		AB66D2B2166FB4C100AA1A70 /* topsecret.png */ = {isa = PBXFileReference; lastKnownFileType = image.png; path = topsecret.png; sourceTree = "<group>"; };
		AB66D2B4166FB74D00AA1A70 /* backgroundImage.png */ = {isa = PBXFileReference; lastKnownFileType = image.png; path = backgroundImage.png; sourceTree = "<group>"; };
		AB66D2B7166FC1F900AA1A70 /* ImagePickerAppViewController.h */ = {isa = PBXFileReference; fileEncoding = 4; lastKnownFileType = sourcecode.c.h; path = ImagePickerAppViewController.h; sourceTree = "<group>"; };
		AB66D2B8166FC1F900AA1A70 /* ImagePickerAppViewController.m */ = {isa = PBXFileReference; fileEncoding = 4; lastKnownFileType = sourcecode.c.objc; path = ImagePickerAppViewController.m; sourceTree = "<group>"; };
		AB66D2C4166FC92100AA1A70 /* ChooseViewController.h */ = {isa = PBXFileReference; fileEncoding = 4; lastKnownFileType = sourcecode.c.h; path = ChooseViewController.h; sourceTree = "<group>"; };
		AB66D2C5166FC92100AA1A70 /* ChooseViewController.m */ = {isa = PBXFileReference; fileEncoding = 4; lastKnownFileType = sourcecode.c.objc; path = ChooseViewController.m; sourceTree = "<group>"; };
		AB8B0ABB16757DF800A7E7AC /* blueButton.png */ = {isa = PBXFileReference; lastKnownFileType = image.png; path = blueButton.png; sourceTree = "<group>"; };
		AB8B0ABD16757DFD00A7E7AC /* whiteButton.png */ = {isa = PBXFileReference; lastKnownFileType = image.png; path = whiteButton.png; sourceTree = "<group>"; };
		AB8B0AC016757F3200A7E7AC /* ButtonLoader.h */ = {isa = PBXFileReference; fileEncoding = 4; lastKnownFileType = sourcecode.c.h; path = ButtonLoader.h; sourceTree = "<group>"; };
		AB8B0AC116757F3200A7E7AC /* ButtonLoader.m */ = {isa = PBXFileReference; fileEncoding = 4; lastKnownFileType = sourcecode.c.objc; path = ButtonLoader.m; sourceTree = "<group>"; };
/* End PBXFileReference section */

/* Begin PBXFrameworksBuildPhase section */
		AB66D25A166FABFF00AA1A70 /* Frameworks */ = {
			isa = PBXFrameworksBuildPhase;
			buildActionMask = 2147483647;
			files = (
				49F340F5167577DA00622AB7 /* AssetsLibrary.framework in Frameworks */,
				AB66D262166FABFF00AA1A70 /* UIKit.framework in Frameworks */,
				AB66D264166FABFF00AA1A70 /* Foundation.framework in Frameworks */,
				AB66D266166FABFF00AA1A70 /* CoreGraphics.framework in Frameworks */,
			);
			runOnlyForDeploymentPostprocessing = 0;
		};
		AB66D283166FABFF00AA1A70 /* Frameworks */ = {
			isa = PBXFrameworksBuildPhase;
			buildActionMask = 2147483647;
			files = (
				AB66D289166FABFF00AA1A70 /* SenTestingKit.framework in Frameworks */,
				AB66D28A166FABFF00AA1A70 /* UIKit.framework in Frameworks */,
				AB66D28B166FABFF00AA1A70 /* Foundation.framework in Frameworks */,
			);
			runOnlyForDeploymentPostprocessing = 0;
		};
/* End PBXFrameworksBuildPhase section */

/* Begin PBXGroup section */
		AB2683821672A9C40047D03B /* Key Select */ = {
			isa = PBXGroup;
			children = (
				AB2683831672A9E00047D03B /* KeySelectViewController.h */,
				AB2683841672A9E00047D03B /* KeySelectViewController.m */,
				AB2683971672C8880047D03B /* DecryptKeyViewController.h */,
				AB2683981672C8880047D03B /* DecryptKeyViewController.m */,
			);
			name = "Key Select";
			sourceTree = "<group>";
		};
		AB26838A1672B5A20047D03B /* Encryption and Decryption */ = {
			isa = PBXGroup;
			children = (
				AB26838C1672B5BC0047D03B /* EncryptViewController.h */,
				AB26838D1672B5BC0047D03B /* EncryptViewController.m */,
				AB26839E1672CB4C0047D03B /* DecryptViewController.h */,
				AB26839F1672CB4C0047D03B /* DecryptViewController.m */,
			);
			name = "Encryption and Decryption";
			sourceTree = "<group>";
		};
		AB66D252166FABFF00AA1A70 = {
			isa = PBXGroup;
			children = (
				AB66D267166FABFF00AA1A70 /* SteganographyApp */,
				AB66D28E166FABFF00AA1A70 /* SteganographyAppTests */,
				AB66D260166FABFF00AA1A70 /* Frameworks */,
				AB66D25E166FABFF00AA1A70 /* Products */,
			);
			sourceTree = "<group>";
		};
		AB66D25E166FABFF00AA1A70 /* Products */ = {
			isa = PBXGroup;
			children = (
				AB66D25D166FABFF00AA1A70 /* SteganographyApp.app */,
				AB66D287166FABFF00AA1A70 /* SteganographyAppTests.octest */,
			);
			name = Products;
			sourceTree = "<group>";
		};
		AB66D260166FABFF00AA1A70 /* Frameworks */ = {
			isa = PBXGroup;
			children = (
				49F340F4167577DA00622AB7 /* AssetsLibrary.framework */,
				AB66D261166FABFF00AA1A70 /* UIKit.framework */,
				AB66D263166FABFF00AA1A70 /* Foundation.framework */,
				AB66D265166FABFF00AA1A70 /* CoreGraphics.framework */,
				AB66D288166FABFF00AA1A70 /* SenTestingKit.framework */,
			);
			name = Frameworks;
			sourceTree = "<group>";
		};
		AB66D267166FABFF00AA1A70 /* SteganographyApp */ = {
			isa = PBXGroup;
			children = (
				AB66D2A3166FACF200AA1A70 /* Controllers */,
				AB66D270166FABFF00AA1A70 /* AppDelegate.h */,
				AB66D271166FABFF00AA1A70 /* AppDelegate.m */,
				AB2683961672C06A0047D03B /* EncryptionFunctions.h */,
				AB2683931672C0010047D03B /* EncryptionFunctions.m */,
				AB66D279166FABFF00AA1A70 /* MainStoryboard_iPhone.storyboard */,
				AB66D27C166FABFF00AA1A70 /* MainStoryboard_iPad.storyboard */,
				AB66D268166FABFF00AA1A70 /* Supporting Files */,
			);
			path = SteganographyApp;
			sourceTree = "<group>";
		};
		AB66D268166FABFF00AA1A70 /* Supporting Files */ = {
			isa = PBXGroup;
			children = (
				AB66D2A8166FAD7100AA1A70 /* Images */,
				AB66D269166FABFF00AA1A70 /* SteganographyApp-Info.plist */,
				AB66D26A166FABFF00AA1A70 /* InfoPlist.strings */,
				AB66D26D166FABFF00AA1A70 /* main.m */,
				AB66D26F166FABFF00AA1A70 /* SteganographyApp-Prefix.pch */,
				AB66D273166FABFF00AA1A70 /* Default.png */,
				AB66D275166FABFF00AA1A70 /* Default@2x.png */,
				AB66D277166FABFF00AA1A70 /* Default-568h@2x.png */,
			);
			name = "Supporting Files";
			sourceTree = "<group>";
		};
		AB66D28E166FABFF00AA1A70 /* SteganographyAppTests */ = {
			isa = PBXGroup;
			children = (
				AB66D294166FABFF00AA1A70 /* SteganographyAppTests.h */,
				AB66D295166FABFF00AA1A70 /* SteganographyAppTests.m */,
				AB66D28F166FABFF00AA1A70 /* Supporting Files */,
			);
			path = SteganographyAppTests;
			sourceTree = "<group>";
		};
		AB66D28F166FABFF00AA1A70 /* Supporting Files */ = {
			isa = PBXGroup;
			children = (
				AB66D290166FABFF00AA1A70 /* SteganographyAppTests-Info.plist */,
				AB66D291166FABFF00AA1A70 /* InfoPlist.strings */,
			);
			name = "Supporting Files";
			sourceTree = "<group>";
		};
		AB66D2A3166FACF200AA1A70 /* Controllers */ = {
			isa = PBXGroup;
			children = (
				AB8B0ABF16757EF400A7E7AC /* Helper */,
				AB26838A1672B5A20047D03B /* Encryption and Decryption */,
				AB2683821672A9C40047D03B /* Key Select */,
				AB66D2C2166FC8F800AA1A70 /* Choose encrypt or decrypt */,
				AB66D2B6166FC1E700AA1A70 /* ImagePicker */,
				AB66D2A4166FACFF00AA1A70 /* Welcome */,
			);
			name = Controllers;
			sourceTree = "<group>";
		};
		AB66D2A4166FACFF00AA1A70 /* Welcome */ = {
			isa = PBXGroup;
			children = (
				AB66D2A5166FAD3100AA1A70 /* WelcomeViewController.h */,
				AB66D2A6166FAD3100AA1A70 /* WelcomeViewController.m */,
			);
			name = Welcome;
			sourceTree = "<group>";
		};
		AB66D2A8166FAD7100AA1A70 /* Images */ = {
			isa = PBXGroup;
			children = (
				AB8B0AB916757DD600A7E7AC /* Buttons */,
				AB66D2A9166FAD9400AA1A70 /* Welcome Images */,
			);
			name = Images;
			sourceTree = "<group>";
		};
		AB66D2A9166FAD9400AA1A70 /* Welcome Images */ = {
			isa = PBXGroup;
			children = (
				AB66D2B4166FB74D00AA1A70 /* backgroundImage.png */,
				AB66D2B0166FB3B100AA1A70 /* Inspector.png */,
				AB26837616729C610047D03B /* 1920x1200.jpg */,
				AB66D2B2166FB4C100AA1A70 /* topsecret.png */,
				AB66D2AE166FB08C00AA1A70 /* inconspicous.jpeg */,
			);
			name = "Welcome Images";
			sourceTree = "<group>";
		};
		AB66D2B6166FC1E700AA1A70 /* ImagePicker */ = {
			isa = PBXGroup;
			children = (
				AB66D2B7166FC1F900AA1A70 /* ImagePickerAppViewController.h */,
				AB66D2B8166FC1F900AA1A70 /* ImagePickerAppViewController.m */,
			);
			name = ImagePicker;
			sourceTree = "<group>";
		};
		AB66D2C2166FC8F800AA1A70 /* Choose encrypt or decrypt */ = {
			isa = PBXGroup;
			children = (
				AB66D2C4166FC92100AA1A70 /* ChooseViewController.h */,
				AB66D2C5166FC92100AA1A70 /* ChooseViewController.m */,
			);
			name = "Choose encrypt or decrypt";
			sourceTree = "<group>";
		};
		AB8B0AB916757DD600A7E7AC /* Buttons */ = {
			isa = PBXGroup;
			children = (
				AB8B0ABD16757DFD00A7E7AC /* whiteButton.png */,
				AB8B0ABB16757DF800A7E7AC /* blueButton.png */,
			);
			name = Buttons;
			sourceTree = "<group>";
		};
		AB8B0ABF16757EF400A7E7AC /* Helper */ = {
			isa = PBXGroup;
			children = (
				AB8B0AC016757F3200A7E7AC /* ButtonLoader.h */,
				AB8B0AC116757F3200A7E7AC /* ButtonLoader.m */,
			);
			name = Helper;
			sourceTree = "<group>";
		};
/* End PBXGroup section */

/* Begin PBXNativeTarget section */
		AB66D25C166FABFF00AA1A70 /* SteganographyApp */ = {
			isa = PBXNativeTarget;
			buildConfigurationList = AB66D299166FABFF00AA1A70 /* Build configuration list for PBXNativeTarget "SteganographyApp" */;
			buildPhases = (
				AB66D259166FABFF00AA1A70 /* Sources */,
				AB66D25A166FABFF00AA1A70 /* Frameworks */,
				AB66D25B166FABFF00AA1A70 /* Resources */,
			);
			buildRules = (
			);
			dependencies = (
			);
			name = SteganographyApp;
			productName = SteganographyApp;
			productReference = AB66D25D166FABFF00AA1A70 /* SteganographyApp.app */;
			productType = "com.apple.product-type.application";
		};
		AB66D286166FABFF00AA1A70 /* SteganographyAppTests */ = {
			isa = PBXNativeTarget;
			buildConfigurationList = AB66D29C166FABFF00AA1A70 /* Build configuration list for PBXNativeTarget "SteganographyAppTests" */;
			buildPhases = (
				AB66D282166FABFF00AA1A70 /* Sources */,
				AB66D283166FABFF00AA1A70 /* Frameworks */,
				AB66D284166FABFF00AA1A70 /* Resources */,
				AB66D285166FABFF00AA1A70 /* ShellScript */,
			);
			buildRules = (
			);
			dependencies = (
				AB66D28D166FABFF00AA1A70 /* PBXTargetDependency */,
			);
			name = SteganographyAppTests;
			productName = SteganographyAppTests;
			productReference = AB66D287166FABFF00AA1A70 /* SteganographyAppTests.octest */;
			productType = "com.apple.product-type.bundle";
		};
/* End PBXNativeTarget section */

/* Begin PBXProject section */
		AB66D254166FABFF00AA1A70 /* Project object */ = {
			isa = PBXProject;
			attributes = {
				LastUpgradeCheck = 0450;
			};
			buildConfigurationList = AB66D257166FABFF00AA1A70 /* Build configuration list for PBXProject "SteganographyApp" */;
			compatibilityVersion = "Xcode 3.2";
			developmentRegion = English;
			hasScannedForEncodings = 0;
			knownRegions = (
				en,
			);
			mainGroup = AB66D252166FABFF00AA1A70;
			productRefGroup = AB66D25E166FABFF00AA1A70 /* Products */;
			projectDirPath = "";
			projectRoot = "";
			targets = (
				AB66D25C166FABFF00AA1A70 /* SteganographyApp */,
				AB66D286166FABFF00AA1A70 /* SteganographyAppTests */,
			);
		};
/* End PBXProject section */

/* Begin PBXResourcesBuildPhase section */
		AB66D25B166FABFF00AA1A70 /* Resources */ = {
			isa = PBXResourcesBuildPhase;
			buildActionMask = 2147483647;
			files = (
				AB66D26C166FABFF00AA1A70 /* InfoPlist.strings in Resources */,
				AB66D274166FABFF00AA1A70 /* Default.png in Resources */,
				AB66D276166FABFF00AA1A70 /* Default@2x.png in Resources */,
				AB66D278166FABFF00AA1A70 /* Default-568h@2x.png in Resources */,
				AB66D27B166FABFF00AA1A70 /* MainStoryboard_iPhone.storyboard in Resources */,
				AB66D27E166FABFF00AA1A70 /* MainStoryboard_iPad.storyboard in Resources */,
				AB66D2AF166FB08C00AA1A70 /* inconspicous.jpeg in Resources */,
				AB66D2B1166FB3B100AA1A70 /* Inspector.png in Resources */,
				AB66D2B3166FB4C100AA1A70 /* topsecret.png in Resources */,
				AB66D2B5166FB74D00AA1A70 /* backgroundImage.png in Resources */,
				AB8B0ABC16757DF800A7E7AC /* blueButton.png in Resources */,
				AB8B0ABE16757DFD00A7E7AC /* whiteButton.png in Resources */,
			);
			runOnlyForDeploymentPostprocessing = 0;
		};
		AB66D284166FABFF00AA1A70 /* Resources */ = {
			isa = PBXResourcesBuildPhase;
			buildActionMask = 2147483647;
			files = (
				AB66D293166FABFF00AA1A70 /* InfoPlist.strings in Resources */,
				AB26837716729C610047D03B /* 1920x1200.jpg in Resources */,
			);
			runOnlyForDeploymentPostprocessing = 0;
		};
/* End PBXResourcesBuildPhase section */

/* Begin PBXShellScriptBuildPhase section */
		AB66D285166FABFF00AA1A70 /* ShellScript */ = {
			isa = PBXShellScriptBuildPhase;
			buildActionMask = 2147483647;
			files = (
			);
			inputPaths = (
			);
			outputPaths = (
			);
			runOnlyForDeploymentPostprocessing = 0;
			shellPath = /bin/sh;
			shellScript = "# Run the unit tests in this test bundle.\n\"${SYSTEM_DEVELOPER_DIR}/Tools/RunUnitTests\"\n";
		};
/* End PBXShellScriptBuildPhase section */

/* Begin PBXSourcesBuildPhase section */
		AB66D259166FABFF00AA1A70 /* Sources */ = {
			isa = PBXSourcesBuildPhase;
			buildActionMask = 2147483647;
			files = (
				AB66D26E166FABFF00AA1A70 /* main.m in Sources */,
				AB66D272166FABFF00AA1A70 /* AppDelegate.m in Sources */,
				AB66D2A7166FAD3100AA1A70 /* WelcomeViewController.m in Sources */,
				AB66D2B9166FC1F900AA1A70 /* ImagePickerAppViewController.m in Sources */,
				AB66D2C6166FC92100AA1A70 /* ChooseViewController.m in Sources */,
				AB2683851672A9E00047D03B /* KeySelectViewController.m in Sources */,
				AB26838E1672B5BC0047D03B /* EncryptViewController.m in Sources */,
				AB2683941672C0010047D03B /* EncryptionFunctions.m in Sources */,
				AB2683991672C8880047D03B /* DecryptKeyViewController.m in Sources */,
				AB2683A01672CB4C0047D03B /* DecryptViewController.m in Sources */,
				AB8B0AC216757F3200A7E7AC /* ButtonLoader.m in Sources */,
			);
			runOnlyForDeploymentPostprocessing = 0;
		};
		AB66D282166FABFF00AA1A70 /* Sources */ = {
			isa = PBXSourcesBuildPhase;
			buildActionMask = 2147483647;
			files = (
				AB66D296166FABFF00AA1A70 /* SteganographyAppTests.m in Sources */,
			);
			runOnlyForDeploymentPostprocessing = 0;
		};
/* End PBXSourcesBuildPhase section */

/* Begin PBXTargetDependency section */
		AB66D28D166FABFF00AA1A70 /* PBXTargetDependency */ = {
			isa = PBXTargetDependency;
			target = AB66D25C166FABFF00AA1A70 /* SteganographyApp */;
			targetProxy = AB66D28C166FABFF00AA1A70 /* PBXContainerItemProxy */;
		};
/* End PBXTargetDependency section */

/* Begin PBXVariantGroup section */
		AB66D26A166FABFF00AA1A70 /* InfoPlist.strings */ = {
			isa = PBXVariantGroup;
			children = (
				AB66D26B166FABFF00AA1A70 /* en */,
			);
			name = InfoPlist.strings;
			sourceTree = "<group>";
		};
		AB66D279166FABFF00AA1A70 /* MainStoryboard_iPhone.storyboard */ = {
			isa = PBXVariantGroup;
			children = (
				AB66D27A166FABFF00AA1A70 /* en */,
			);
			name = MainStoryboard_iPhone.storyboard;
			sourceTree = "<group>";
		};
		AB66D27C166FABFF00AA1A70 /* MainStoryboard_iPad.storyboard */ = {
			isa = PBXVariantGroup;
			children = (
				AB66D27D166FABFF00AA1A70 /* en */,
			);
			name = MainStoryboard_iPad.storyboard;
			sourceTree = "<group>";
		};
		AB66D291166FABFF00AA1A70 /* InfoPlist.strings */ = {
			isa = PBXVariantGroup;
			children = (
				AB66D292166FABFF00AA1A70 /* en */,
			);
			name = InfoPlist.strings;
			sourceTree = "<group>";
		};
/* End PBXVariantGroup section */

/* Begin XCBuildConfiguration section */
		AB66D297166FABFF00AA1A70 /* Debug */ = {
			isa = XCBuildConfiguration;
			buildSettings = {
				ALWAYS_SEARCH_USER_PATHS = NO;
				CLANG_CXX_LANGUAGE_STANDARD = "gnu++0x";
				CLANG_CXX_LIBRARY = "libc++";
				CLANG_ENABLE_OBJC_ARC = YES;
				CLANG_WARN_EMPTY_BODY = YES;
				CLANG_WARN__DUPLICATE_METHOD_MATCH = YES;
				"CODE_SIGN_IDENTITY[sdk=iphoneos*]" = "iPhone Developer";
				COPY_PHASE_STRIP = NO;
				GCC_C_LANGUAGE_STANDARD = gnu99;
				GCC_DYNAMIC_NO_PIC = NO;
				GCC_OPTIMIZATION_LEVEL = 0;
				GCC_PREPROCESSOR_DEFINITIONS = (
					"DEBUG=1",
					"$(inherited)",
				);
				GCC_SYMBOLS_PRIVATE_EXTERN = NO;
				GCC_WARN_ABOUT_RETURN_TYPE = YES;
				GCC_WARN_UNINITIALIZED_AUTOS = YES;
				GCC_WARN_UNUSED_VARIABLE = YES;
				IPHONEOS_DEPLOYMENT_TARGET = 6.0;
				ONLY_ACTIVE_ARCH = YES;
				SDKROOT = iphoneos;
				TARGETED_DEVICE_FAMILY = "1,2";
			};
			name = Debug;
		};
		AB66D298166FABFF00AA1A70 /* Release */ = {
			isa = XCBuildConfiguration;
			buildSettings = {
				ALWAYS_SEARCH_USER_PATHS = NO;
				CLANG_CXX_LANGUAGE_STANDARD = "gnu++0x";
				CLANG_CXX_LIBRARY = "libc++";
				CLANG_ENABLE_OBJC_ARC = YES;
				CLANG_WARN_EMPTY_BODY = YES;
				CLANG_WARN__DUPLICATE_METHOD_MATCH = YES;
				"CODE_SIGN_IDENTITY[sdk=iphoneos*]" = "iPhone Developer";
				COPY_PHASE_STRIP = YES;
				GCC_C_LANGUAGE_STANDARD = gnu99;
				GCC_WARN_ABOUT_RETURN_TYPE = YES;
				GCC_WARN_UNINITIALIZED_AUTOS = YES;
				GCC_WARN_UNUSED_VARIABLE = YES;
				IPHONEOS_DEPLOYMENT_TARGET = 6.0;
				OTHER_CFLAGS = "-DNS_BLOCK_ASSERTIONS=1";
				SDKROOT = iphoneos;
				TARGETED_DEVICE_FAMILY = "1,2";
				VALIDATE_PRODUCT = YES;
			};
			name = Release;
		};
		AB66D29A166FABFF00AA1A70 /* Debug */ = {
			isa = XCBuildConfiguration;
			buildSettings = {
				GCC_PRECOMPILE_PREFIX_HEADER = YES;
				GCC_PREFIX_HEADER = "SteganographyApp/SteganographyApp-Prefix.pch";
				INFOPLIST_FILE = "SteganographyApp/SteganographyApp-Info.plist";
				PRODUCT_NAME = "$(TARGET_NAME)";
				WRAPPER_EXTENSION = app;
			};
			name = Debug;
		};
		AB66D29B166FABFF00AA1A70 /* Release */ = {
			isa = XCBuildConfiguration;
			buildSettings = {
				GCC_PRECOMPILE_PREFIX_HEADER = YES;
				GCC_PREFIX_HEADER = "SteganographyApp/SteganographyApp-Prefix.pch";
				INFOPLIST_FILE = "SteganographyApp/SteganographyApp-Info.plist";
				PRODUCT_NAME = "$(TARGET_NAME)";
				WRAPPER_EXTENSION = app;
			};
			name = Release;
		};
		AB66D29D166FABFF00AA1A70 /* Debug */ = {
			isa = XCBuildConfiguration;
			buildSettings = {
				BUNDLE_LOADER = "$(BUILT_PRODUCTS_DIR)/SteganographyApp.app/SteganographyApp";
				FRAMEWORK_SEARCH_PATHS = (
					"\"$(SDKROOT)/Developer/Library/Frameworks\"",
					"\"$(DEVELOPER_LIBRARY_DIR)/Frameworks\"",
				);
				GCC_PRECOMPILE_PREFIX_HEADER = YES;
				GCC_PREFIX_HEADER = "SteganographyApp/SteganographyApp-Prefix.pch";
				INFOPLIST_FILE = "SteganographyAppTests/SteganographyAppTests-Info.plist";
				PRODUCT_NAME = "$(TARGET_NAME)";
				TEST_HOST = "$(BUNDLE_LOADER)";
				WRAPPER_EXTENSION = octest;
			};
			name = Debug;
		};
		AB66D29E166FABFF00AA1A70 /* Release */ = {
			isa = XCBuildConfiguration;
			buildSettings = {
				BUNDLE_LOADER = "$(BUILT_PRODUCTS_DIR)/SteganographyApp.app/SteganographyApp";
				FRAMEWORK_SEARCH_PATHS = (
					"\"$(SDKROOT)/Developer/Library/Frameworks\"",
					"\"$(DEVELOPER_LIBRARY_DIR)/Frameworks\"",
				);
				GCC_PRECOMPILE_PREFIX_HEADER = YES;
				GCC_PREFIX_HEADER = "SteganographyApp/SteganographyApp-Prefix.pch";
				INFOPLIST_FILE = "SteganographyAppTests/SteganographyAppTests-Info.plist";
				PRODUCT_NAME = "$(TARGET_NAME)";
				TEST_HOST = "$(BUNDLE_LOADER)";
				WRAPPER_EXTENSION = octest;
			};
			name = Release;
		};
/* End XCBuildConfiguration section */

/* Begin XCConfigurationList section */
		AB66D257166FABFF00AA1A70 /* Build configuration list for PBXProject "SteganographyApp" */ = {
			isa = XCConfigurationList;
			buildConfigurations = (
				AB66D297166FABFF00AA1A70 /* Debug */,
				AB66D298166FABFF00AA1A70 /* Release */,
			);
			defaultConfigurationIsVisible = 0;
			defaultConfigurationName = Release;
		};
		AB66D299166FABFF00AA1A70 /* Build configuration list for PBXNativeTarget "SteganographyApp" */ = {
			isa = XCConfigurationList;
			buildConfigurations = (
				AB66D29A166FABFF00AA1A70 /* Debug */,
				AB66D29B166FABFF00AA1A70 /* Release */,
			);
			defaultConfigurationIsVisible = 0;
			defaultConfigurationName = Release;
		};
		AB66D29C166FABFF00AA1A70 /* Build configuration list for PBXNativeTarget "SteganographyAppTests" */ = {
			isa = XCConfigurationList;
			buildConfigurations = (
				AB66D29D166FABFF00AA1A70 /* Debug */,
				AB66D29E166FABFF00AA1A70 /* Release */,
			);
			defaultConfigurationIsVisible = 0;
			defaultConfigurationName = Release;
		};
/* End XCConfigurationList section */
	};
	rootObject = AB66D254166FABFF00AA1A70 /* Project object */;
}
